{
  "version": 1,
  "dependencies": {
    "net10.0": {
      "Asp.Versioning.Mvc": {
        "type": "Direct",
        "requested": "[8.1.0, )",
        "resolved": "8.1.0",
        "contentHash": "BMAJM2sGsTUw5FQ9upKQt6GFoldWksePgGpYjl56WSRvIuE3UxKZh0gAL+wDTIfLshUZm97VCVxlOGyrcjWz9Q==",
        "dependencies": {
          "Asp.Versioning.Http": "8.1.0"
        }
      },
      "Asp.Versioning.Mvc.ApiExplorer": {
        "type": "Direct",
        "requested": "[8.1.0, )",
        "resolved": "8.1.0",
        "contentHash": "a90gW/4TF/14Bjiwg9LqNtdKGC4G3gu02+uynq3bCISfQm48km5chny4Yg5J4hixQPJUwwJJ9Do1G+jM8L9h3g==",
        "dependencies": {
          "Asp.Versioning.Mvc": "8.1.0"
        }
      },
      "MailKit": {
        "type": "Direct",
        "requested": "[4.11.0, )",
        "resolved": "4.11.0",
        "contentHash": "JVoRxJ+QRqFMRtEM4veStj3pMLBPRulQGV+iZm6Tq1pnr66Dy6dFYOW9Uw02nxAVzdZAN8G+y3BsUPtgZcKXhA==",
        "dependencies": {
          "MimeKit": "4.11.0"
        }
      },
      "Swashbuckle.AspNetCore": {
        "type": "Direct",
        "requested": "[8.1.0, )",
        "resolved": "8.1.0",
        "contentHash": "8NJwXskWNBhX4IntitP1VP68hzhQ9Sex4mR9ZbqCuuUsaWlfrMA+yDIYDFsbHlB2NQ6Gt27AT15BWo9jxHj1tg==",
        "dependencies": {
          "Microsoft.Extensions.ApiDescription.Server": "6.0.5",
          "Swashbuckle.AspNetCore.Swagger": "8.1.0",
          "Swashbuckle.AspNetCore.SwaggerGen": "8.1.0",
          "Swashbuckle.AspNetCore.SwaggerUI": "8.1.0"
        }
      },
      "Asp.Versioning.Abstractions": {
        "type": "Transitive",
        "resolved": "8.1.0",
        "contentHash": "mpeNZyMdvrHztJwR1sXIUQ+3iioEU97YMBnFA9WLbsPOYhGwDJnqJMmEd8ny7kcmS9OjTHoEuX/bSXXY3brIFA==",
        "dependencies": {
          "Microsoft.Extensions.Primitives": "8.0.0"
        }
      },
      "Asp.Versioning.Http": {
        "type": "Transitive",
        "resolved": "8.1.0",
        "contentHash": "Xu4xF62Cu9JqYi/CTa2TiK5kyHoa4EluPynj/bPFWDmlTIPzuJQbBI5RgFYVRFHjFVvWMoA77acRaFu7i7Wzqg==",
        "dependencies": {
          "Asp.Versioning.Abstractions": "8.1.0"
        }
      },
      "BouncyCastle.Cryptography": {
        "type": "Transitive",
        "resolved": "2.5.1",
        "contentHash": "zy8TMeTP+1FH2NrLaNZtdRbBdq7u5MI+NFZQOBSM69u5RFkciinwzV2eveY6Kjf5MzgsYvvl6kTStsj3JrXqkg=="
      },
      "Microsoft.Extensions.ApiDescription.Server": {
        "type": "Transitive",
        "resolved": "6.0.5",
        "contentHash": "Ckb5EDBUNJdFWyajfXzUIMRkhf52fHZOQuuZg/oiu8y7zDCVwD0iHhew6MnThjHmevanpxL3f5ci2TtHQEN6bw=="
      },
      "Microsoft.Extensions.Primitives": {
        "type": "Transitive",
        "resolved": "8.0.0",
        "contentHash": "bXJEZrW9ny8vjMF1JV253WeLhpEVzFo1lyaZu1vQ4ZxWUlVvknZ/+ftFgVheLubb4eZPSwwxBeqS1JkCOjxd8g=="
      },
      "Microsoft.OpenApi": {
        "type": "Transitive",
        "resolved": "1.6.23",
        "contentHash": "tZ1I0KXnn98CWuV8cpI247A17jaY+ILS9vvF7yhI0uPPEqF4P1d7BWL5Uwtel10w9NucllHB3nTkfYTAcHAh8g=="
      },
      "MimeKit": {
        "type": "Transitive",
        "resolved": "4.11.0",
        "contentHash": "6p0RC1qwBGBHxf7hvzuR1GngzigF+Q6HQUTbD2RbmDrnS2m1qO2rgqOhYtn8n8JH7WGZ+7RthS8lfMuMzeg8AA==",
        "dependencies": {
          "BouncyCastle.Cryptography": "2.5.1",
          "System.Security.Cryptography.Pkcs": "8.0.1"
        }
      },
      "Swashbuckle.AspNetCore.Swagger": {
        "type": "Transitive",
        "resolved": "8.1.0",
        "contentHash": "TRpBDdWh/6IzXHOLKVEuZSuhcdc8OIwhr8dyLnWvEh6FO4f0KiATAzr8yzHspcCFzCc/CONpvUCq4DzazpP6Og==",
        "dependencies": {
          "Microsoft.OpenApi": "1.6.23"
        }
      },
      "Swashbuckle.AspNetCore.SwaggerGen": {
        "type": "Transitive",
        "resolved": "8.1.0",
        "contentHash": "sXAUNodmnzrJb1qmgdLY6HgTDsgagXCn6p+qygW2wP0BjcvdZZA6GdDgtuc8iQON9ekrp7m5G0Zc09lvuNhc/A==",
        "dependencies": {
          "Swashbuckle.AspNetCore.Swagger": "8.1.0"
        }
      },
      "Swashbuckle.AspNetCore.SwaggerUI": {
        "type": "Transitive",
        "resolved": "8.1.0",
        "contentHash": "PYyTbYrEz1q8N8ZpCFzY5hOkvP5gv9oIml06wrrrjGRFvVXyCF/b58FRI/9mnRKRBAmWKZR5pqhmJBzvsVveSQ=="
      },
      "System.Security.Cryptography.Pkcs": {
        "type": "Transitive",
        "resolved": "8.0.1",
        "contentHash": "CoCRHFym33aUSf/NtWSVSZa99dkd0Hm7OCZUxORBjRB16LNhIEOf8THPqzIYlvKM0nNDAPTRBa1FxEECrgaxxA=="
      }
    }
  }
}